
Microsoft Visual Studio Solution File, Format Version 12.00
# Visual Studio Version 17
VisualStudioVersion = 17.0.31903.59
MinimumVisualStudioVersion = 10.0.40219.1
Project("{2150E333-8FDC-42A3-9474-1A3956D46DE8}") = "src", "src", "{8D4A79B9-7F43-4088-9A0E-979726060018}"
EndProject
Project("{FAE04EC0-301F-11D3-BF4B-00C04F79EFBC}") = "School.Domain", "src\School.Domain\School.Domain.csproj", "{97627E63-61D8-441E-AC98-23B73F223440}"
EndProject
Project("{FAE04EC0-301F-11D3-BF4B-00C04F79EFBC}") = "School.Application", "src\School.Application\School.Application.csproj", "{92B8D2F9-1227-4D9E-8E3C-A6347D602D8B}"
EndProject
Project("{FAE04EC0-301F-11D3-BF4B-00C04F79EFBC}") = "School.Infrastructure", "src\School.Infrastructure\School.Infrastructure.csproj", "{DA540095-634E-4FE2-A4BC-F6353F514568}"
EndProject
Project("{FAE04EC0-301F-11D3-BF4B-00C04F79EFBC}") = "School.Api", "src\School.Api\School.Api.csproj", "{2F5678A2-F76F-4388-BD1C-E7D55428F826}"
EndProject
Project("{FAE04EC0-301F-11D3-BF4B-00C04F79EFBC}") = "School.UnitTests", "src\School.UnitTests\School.UnitTests.csproj", "{4DD7612D-B174-42C8-BA69-E009494684CC}"
EndProject
Global
	GlobalSection(SolutionConfigurationPlatforms) = preSolution
		Debug|Any CPU = Debug|Any CPU
		Release|Any CPU = Release|Any CPU
	EndGlobalSection
	GlobalSection(ProjectConfigurationPlatforms) = postSolution
		{97627E63-61D8-441E-AC98-23B73F223440}.Debug|Any CPU.ActiveCfg = Debug|Any CPU
		{97627E63-61D8-441E-AC98-23B73F223440}.Debug|Any CPU.Build.0 = Debug|Any CPU
		{97627E63-61D8-441E-AC98-23B73F223440}.Release|Any CPU.ActiveCfg = Release|Any CPU
		{97627E63-61D8-441E-AC98-23B73F223440}.Release|Any CPU.Build.0 = Release|Any CPU
		{92B8D2F9-1227-4D9E-8E3C-A6347D602D8B}.Debug|Any CPU.ActiveCfg = Debug|Any CPU
		{92B8D2F9-1227-4D9E-8E3C-A6347D602D8B}.Debug|Any CPU.Build.0 = Debug|Any CPU
		{92B8D2F9-1227-4D9E-8E3C-A6347D602D8B}.Release|Any CPU.ActiveCfg = Release|Any CPU
		{92B8D2F9-1227-4D9E-8E3C-A6347D602D8B}.Release|Any CPU.Build.0 = Release|Any CPU
		{DA540095-634E-4FE2-A4BC-F6353F514568}.Debug|Any CPU.ActiveCfg = Debug|Any CPU
		{DA540095-634E-4FE2-A4BC-F6353F514568}.Debug|Any CPU.Build.0 = Debug|Any CPU
		{DA540095-634E-4FE2-A4BC-F6353F514568}.Release|Any CPU.ActiveCfg = Release|Any CPU
		{DA540095-634E-4FE2-A4BC-F6353F514568}.Release|Any CPU.Build.0 = Release|Any CPU
		{2F5678A2-F76F-4388-BD1C-E7D55428F826}.Debug|Any CPU.ActiveCfg = Debug|Any CPU
		{2F5678A2-F76F-4388-BD1C-E7D55428F826}.Debug|Any CPU.Build.0 = Debug|Any CPU
		{2F5678A2-F76F-4388-BD1C-E7D55428F826}.Release|Any CPU.ActiveCfg = Release|Any CPU
		{2F5678A2-F76F-4388-BD1C-E7D55428F826}.Release|Any CPU.Build.0 = Release|Any CPU
		{4DD7612D-B174-42C8-BA69-E009494684CC}.Debug|Any CPU.ActiveCfg = Debug|Any CPU
		{4DD7612D-B174-42C8-BA69-E009494684CC}.Debug|Any CPU.Build.0 = Debug|Any CPU
		{4DD7612D-B174-42C8-BA69-E009494684CC}.Release|Any CPU.ActiveCfg = Release|Any CPU
		{4DD7612D-B174-42C8-BA69-E009494684CC}.Release|Any CPU.Build.0 = Release|Any CPU
	EndGlobalSection
	GlobalSection(SolutionProperties) = preSolution
		HideSolutionNode = FALSE
	EndGlobalSection
	GlobalSection(NestedProjects) = preSolution
		{97627E63-61D8-441E-AC98-23B73F223440} = {8D4A79B9-7F43-4088-9A0E-979726060018}
		{92B8D2F9-1227-4D9E-8E3C-A6347D602D8B} = {8D4A79B9-7F43-4088-9A0E-979726060018}
		{DA540095-634E-4FE2-A4BC-F6353F514568} = {8D4A79B9-7F43-4088-9A0E-979726060018}
		{2F5678A2-F76F-4388-BD1C-E7D55428F826} = {8D4A79B9-7F43-4088-9A0E-979726060018}
		{4DD7612D-B174-42C8-BA69-E009494684CC} = {8D4A79B9-7F43-4088-9A0E-979726060018}
	EndGlobalSection
EndGlobal
